
Microsoft Visual Studio Solution File, Format Version 12.00
# Visual Studio 15
VisualStudioVersion = 15.0.28307.136
MinimumVisualStudioVersion = 10.0.40219.1
Project("{FAE04EC0-301F-11D3-BF4B-00C04F79EFBC}") = "ConcursoPesca", "ConcursoPesca\ConcursoPesca.csproj", "{A5A55AB4-9741-4435-B8C4-7C5998247DD7}"
EndProject
Global
	GlobalSection(SolutionConfigurationPlatforms) = preSolution
		Debug|Any CPU = Debug|Any CPU
		Release|Any CPU = Release|Any CPU
	EndGlobalSection
	GlobalSection(ProjectConfigurationPlatforms) = postSolution
		{A5A55AB4-9741-4435-B8C4-7C5998247DD7}.Debug|Any CPU.ActiveCfg = Debug|Any CPU
		{A5A55AB4-9741-4435-B8C4-7C5998247DD7}.Debug|Any CPU.Build.0 = Debug|Any CPU
		{A5A55AB4-9741-4435-B8C4-7C5998247DD7}.Release|Any CPU.ActiveCfg = Release|Any CPU
		{A5A55AB4-9741-4435-B8C4-7C5998247DD7}.Release|Any CPU.Build.0 = Release|Any CPU
	EndGlobalSection
	GlobalSection(SolutionProperties) = preSolution
		HideSolutionNode = FALSE
	EndGlobalSection
	GlobalSection(ExtensibilityGlobals) = postSolution
		SolutionGuid = {41F4A3E3-DEB5-44AF-AA1A-142195D177A6}
	EndGlobalSection
EndGlobal
